# @generated - this file is auto-generated by `mise lock` https://mise.en.dev/dev-tools/mise-lock.html

[[tools."aqua:carvel-dev/vendir"]]
version = "0.45.3"
backend = "aqua:carvel-dev/vendir"

[tools."aqua:carvel-dev/vendir"."platforms.linux-arm64"]
checksum = "sha256:cb951dedcf2e64d8d76cb9c205d13ce78f6a8802a74caa1205ec47bc9f2dac65"
url = "https://github.com/carvel-dev/vendir/releases/download/v0.45.3/vendir-linux-arm64"

[tools."aqua:carvel-dev/vendir"."platforms.linux-arm64-musl"]
checksum = "sha256:cb951dedcf2e64d8d76cb9c205d13ce78f6a8802a74caa1205ec47bc9f2dac65"
url = "https://github.com/carvel-dev/vendir/releases/download/v0.45.3/vendir-linux-arm64"

[tools."aqua:carvel-dev/vendir"."platforms.linux-x64"]
checksum = "sha256:7dc6dd9706170b442a7aaf3b4e29da57cca722a3252ed8f6ac9c2997e93a0aa5"
url = "https://github.com/carvel-dev/vendir/releases/download/v0.45.3/vendir-linux-amd64"

[tools."aqua:carvel-dev/vendir"."platforms.linux-x64-musl"]
checksum = "sha256:7dc6dd9706170b442a7aaf3b4e29da57cca722a3252ed8f6ac9c2997e93a0aa5"
url = "https://github.com/carvel-dev/vendir/releases/download/v0.45.3/vendir-linux-amd64"

[tools."aqua:carvel-dev/vendir"."platforms.macos-arm64"]
checksum = "sha256:4c27422b42a83ed598e5548542c0cd19d185002f6d4ae8e12d59df27ebcdf572"
url = "https://github.com/carvel-dev/vendir/releases/download/v0.45.3/vendir-darwin-arm64"

[tools."aqua:carvel-dev/vendir"."platforms.macos-x64"]
checksum = "sha256:52a584cf8c9c97b0f9693f33e404b971f3f65bff3a136d979d7b92c8a8f5cf62"
url = "https://github.com/carvel-dev/vendir/releases/download/v0.45.3/vendir-darwin-amd64"

[tools."aqua:carvel-dev/vendir"."platforms.windows-x64"]
checksum = "sha256:5d73e1c1eccf245585887c99ebe004712adfaa5db66b212066df37b572475fca"
url = "https://github.com/carvel-dev/vendir/releases/download/v0.45.3/vendir-windows-amd64.exe"

[[tools."aqua:chmln/sd"]]
version = "1.1.0"
backend = "aqua:chmln/sd"

[tools."aqua:chmln/sd"."platforms.linux-arm64"]
checksum = "sha256:ec8c93c0533ff21f4851d11566808d4082544baf063d9b96ea77c27e98b7cd99"
url = "https://github.com/chmln/sd/releases/download/v1.1.0/sd-v1.1.0-aarch64-unknown-linux-musl.tar.gz"

[tools."aqua:chmln/sd"."platforms.linux-arm64-musl"]
checksum = "sha256:ec8c93c0533ff21f4851d11566808d4082544baf063d9b96ea77c27e98b7cd99"
url = "https://github.com/chmln/sd/releases/download/v1.1.0/sd-v1.1.0-aarch64-unknown-linux-musl.tar.gz"

[tools."aqua:chmln/sd"."platforms.linux-x64"]
checksum = "sha256:02f00f4777d43e8e95b7b8d49e1a0d6e502fed4b8e79c1c8b8063857a30caa2e"
url = "https://github.com/chmln/sd/releases/download/v1.1.0/sd-v1.1.0-x86_64-unknown-linux-musl.tar.gz"

[tools."aqua:chmln/sd"."platforms.linux-x64-musl"]
checksum = "sha256:02f00f4777d43e8e95b7b8d49e1a0d6e502fed4b8e79c1c8b8063857a30caa2e"
url = "https://github.com/chmln/sd/releases/download/v1.1.0/sd-v1.1.0-x86_64-unknown-linux-musl.tar.gz"

[tools."aqua:chmln/sd"."platforms.macos-arm64"]
checksum = "sha256:4bd3c09226376ca0a1d69589c91e86276fae36c5fbaaee669afce583f6682030"
url = "https://github.com/chmln/sd/releases/download/v1.1.0/sd-v1.1.0-aarch64-apple-darwin.tar.gz"

[tools."aqua:chmln/sd"."platforms.macos-x64"]
checksum = "sha256:1fca1e9c91813a8aac6821063c923107ba0f66a83309e095edcd3b202f67f97e"
url = "https://github.com/chmln/sd/releases/download/v1.1.0/sd-v1.1.0-x86_64-apple-darwin.tar.gz"

[tools."aqua:chmln/sd"."platforms.windows-x64"]
checksum = "sha256:59837c2e7c911099aca1cc46b663bcdc5a949fd3e9fbbaf34fc73e5d5d71007c"
url = "https://github.com/chmln/sd/releases/download/v1.1.0/sd-v1.1.0-x86_64-pc-windows-msvc.zip"

[[tools."aqua:evilmartians/lefthook"]]
version = "2.1.8"
backend = "aqua:evilmartians/lefthook"

[tools."aqua:evilmartians/lefthook"."platforms.linux-arm64"]
checksum = "sha256:2c0af40eb3209917733f72329abc2e91e51aa5fab85475ec515978c852c4d470"
url = "https://github.com/evilmartians/lefthook/releases/download/v2.1.8/lefthook_2.1.8_Linux_aarch64.gz"
provenance = "github-attestations"

[tools."aqua:evilmartians/lefthook"."platforms.linux-arm64-musl"]
checksum = "sha256:2c0af40eb3209917733f72329abc2e91e51aa5fab85475ec515978c852c4d470"
url = "https://github.com/evilmartians/lefthook/releases/download/v2.1.8/lefthook_2.1.8_Linux_aarch64.gz"
provenance = "github-attestations"

[tools."aqua:evilmartians/lefthook"."platforms.linux-x64"]
checksum = "sha256:15420bb2ce30ba5b71e242542b28f06447630011af924a3324ff63a0fee32f8c"
url = "https://github.com/evilmartians/lefthook/releases/download/v2.1.8/lefthook_2.1.8_Linux_x86_64.gz"
provenance = "github-attestations"

[tools."aqua:evilmartians/lefthook"."platforms.linux-x64-musl"]
checksum = "sha256:15420bb2ce30ba5b71e242542b28f06447630011af924a3324ff63a0fee32f8c"
url = "https://github.com/evilmartians/lefthook/releases/download/v2.1.8/lefthook_2.1.8_Linux_x86_64.gz"
provenance = "github-attestations"

[tools."aqua:evilmartians/lefthook"."platforms.macos-arm64"]
checksum = "sha256:911d530d68ba1495beb32009bf895e296208a556a030d254e8d5641823ba7a25"
url = "https://github.com/evilmartians/lefthook/releases/download/v2.1.8/lefthook_2.1.8_MacOS_arm64.gz"

[tools."aqua:evilmartians/lefthook"."platforms.macos-x64"]
checksum = "sha256:5d95768cf7383e21e5320dc1b351671fca009bc44800ec2366f824f5540d354f"
url = "https://github.com/evilmartians/lefthook/releases/download/v2.1.8/lefthook_2.1.8_MacOS_x86_64.gz"
provenance = "github-attestations"

[tools."aqua:evilmartians/lefthook"."platforms.windows-x64"]
checksum = "sha256:13cab0ebb26b89c66bbf53a658c4126bf34202a857412690bb61c14c530b1ecf"
url = "https://github.com/evilmartians/lefthook/releases/download/v2.1.8/lefthook_2.1.8_Windows_x86_64.gz"
provenance = "github-attestations"

[[tools."aqua:fluxcd/flux2"]]
version = "2.8.7"
backend = "aqua:fluxcd/flux2"

[tools."aqua:fluxcd/flux2"."platforms.linux-arm64"]
checksum = "sha256:f6b19f6f2d85dd47cecb9169111c3f35f220217ab488d254ca3d8faba58e0217"
url = "https://github.com/fluxcd/flux2/releases/download/v2.8.7/flux_2.8.7_linux_arm64.tar.gz"

[tools."aqua:fluxcd/flux2"."platforms.linux-arm64".provenance.slsa]
url = "https://github.com/fluxcd/flux2/releases/download/v2.8.7/provenance.intoto.jsonl"

[tools."aqua:fluxcd/flux2"."platforms.linux-arm64-musl"]
checksum = "sha256:f6b19f6f2d85dd47cecb9169111c3f35f220217ab488d254ca3d8faba58e0217"
url = "https://github.com/fluxcd/flux2/releases/download/v2.8.7/flux_2.8.7_linux_arm64.tar.gz"

[tools."aqua:fluxcd/flux2"."platforms.linux-arm64-musl".provenance.slsa]
url = "https://github.com/fluxcd/flux2/releases/download/v2.8.7/provenance.intoto.jsonl"

[tools."aqua:fluxcd/flux2"."platforms.linux-x64"]
checksum = "sha256:493a8df42bf89f8481f03afb44b6f4801a76ec0f0b9233042487d0cb5c6cf4e3"
url = "https://github.com/fluxcd/flux2/releases/download/v2.8.7/flux_2.8.7_linux_amd64.tar.gz"

[tools."aqua:fluxcd/flux2"."platforms.linux-x64".provenance.slsa]
url = "https://github.com/fluxcd/flux2/releases/download/v2.8.7/provenance.intoto.jsonl"

[tools."aqua:fluxcd/flux2"."platforms.linux-x64-musl"]
checksum = "sha256:493a8df42bf89f8481f03afb44b6f4801a76ec0f0b9233042487d0cb5c6cf4e3"
url = "https://github.com/fluxcd/flux2/releases/download/v2.8.7/flux_2.8.7_linux_amd64.tar.gz"

[tools."aqua:fluxcd/flux2"."platforms.linux-x64-musl".provenance.slsa]
url = "https://github.com/fluxcd/flux2/releases/download/v2.8.7/provenance.intoto.jsonl"

[tools."aqua:fluxcd/flux2"."platforms.macos-arm64"]
checksum = "sha256:060a43698d4ad29a0aea86159b7c1b1171704fd375934f0201f7c914faac2182"
url = "https://github.com/fluxcd/flux2/releases/download/v2.8.7/flux_2.8.7_darwin_arm64.tar.gz"

[tools."aqua:fluxcd/flux2"."platforms.macos-arm64".provenance.slsa]
url = "https://github.com/fluxcd/flux2/releases/download/v2.8.7/provenance.intoto.jsonl"

[tools."aqua:fluxcd/flux2"."platforms.macos-x64"]
checksum = "sha256:58ed87d1aafcadb7365f43286882ec81522384ad5018e965a0a1f1a3108430d5"
url = "https://github.com/fluxcd/flux2/releases/download/v2.8.7/flux_2.8.7_darwin_amd64.tar.gz"

[tools."aqua:fluxcd/flux2"."platforms.macos-x64".provenance.slsa]
url = "https://github.com/fluxcd/flux2/releases/download/v2.8.7/provenance.intoto.jsonl"

[tools."aqua:fluxcd/flux2"."platforms.windows-x64"]
checksum = "sha256:e703c645180d2665269f5643408cd257c2553e2245f5f3ad577edd1de2b4092b"
url = "https://github.com/fluxcd/flux2/releases/download/v2.8.7/flux_2.8.7_windows_amd64.zip"

[tools."aqua:fluxcd/flux2"."platforms.windows-x64".provenance.slsa]
url = "https://github.com/fluxcd/flux2/releases/download/v2.8.7/provenance.intoto.jsonl"

[[tools."aqua:google/yamlfmt"]]
version = "0.21.0"
backend = "aqua:google/yamlfmt"

[tools."aqua:google/yamlfmt"."platforms.linux-arm64"]
checksum = "sha256:5b2689c963b177271330c5ce8ca7396751107e5a826be46f03d2cb9b6f0c7784"
url = "https://github.com/google/yamlfmt/releases/download/v0.21.0/yamlfmt_0.21.0_Linux_arm64.tar.gz"

[tools."aqua:google/yamlfmt"."platforms.linux-arm64-musl"]
checksum = "sha256:5b2689c963b177271330c5ce8ca7396751107e5a826be46f03d2cb9b6f0c7784"
url = "https://github.com/google/yamlfmt/releases/download/v0.21.0/yamlfmt_0.21.0_Linux_arm64.tar.gz"

[tools."aqua:google/yamlfmt"."platforms.linux-x64"]
checksum = "sha256:1f300d9257b232bb3b541d7fb1b0e6b3c121bcbab381c86cd38cb8722be8a566"
url = "https://github.com/google/yamlfmt/releases/download/v0.21.0/yamlfmt_0.21.0_Linux_x86_64.tar.gz"

[tools."aqua:google/yamlfmt"."platforms.linux-x64-musl"]
checksum = "sha256:1f300d9257b232bb3b541d7fb1b0e6b3c121bcbab381c86cd38cb8722be8a566"
url = "https://github.com/google/yamlfmt/releases/download/v0.21.0/yamlfmt_0.21.0_Linux_x86_64.tar.gz"

[tools."aqua:google/yamlfmt"."platforms.macos-arm64"]
checksum = "sha256:4b417ecb94339d57e4c122ecc948c1a00fe328b5853266de9806e652a92858fa"
url = "https://github.com/google/yamlfmt/releases/download/v0.21.0/yamlfmt_0.21.0_Darwin_arm64.tar.gz"

[tools."aqua:google/yamlfmt"."platforms.macos-x64"]
checksum = "sha256:060e943bcb8583c456810eb1ff4721b4f46c4a0c1a4432449d5dc3bbfe29a22b"
url = "https://github.com/google/yamlfmt/releases/download/v0.21.0/yamlfmt_0.21.0_Darwin_x86_64.tar.gz"

[tools."aqua:google/yamlfmt"."platforms.windows-x64"]
checksum = "sha256:07f80ce5d741eb4b0a9380ac78a19c7cb5bd44e2a9a47a5a04839e3ba54dd463"
url = "https://github.com/google/yamlfmt/releases/download/v0.21.0/yamlfmt_0.21.0_Windows_x86_64.tar.gz"

[[tools."aqua:jqlang/jq"]]
version = "1.8.1"
backend = "aqua:jqlang/jq"

[tools."aqua:jqlang/jq"."platforms.linux-arm64"]
checksum = "sha256:6bc62f25981328edd3cfcfe6fe51b073f2d7e7710d7ef7fcdac28d4e384fc3d4"
url = "https://github.com/jqlang/jq/releases/download/jq-1.8.1/jq-linux-arm64"
provenance = "github-attestations"

[tools."aqua:jqlang/jq"."platforms.linux-arm64-musl"]
checksum = "sha256:6bc62f25981328edd3cfcfe6fe51b073f2d7e7710d7ef7fcdac28d4e384fc3d4"
url = "https://github.com/jqlang/jq/releases/download/jq-1.8.1/jq-linux-arm64"
provenance = "github-attestations"

[tools."aqua:jqlang/jq"."platforms.linux-x64"]
checksum = "sha256:020468de7539ce70ef1bceaf7cde2e8c4f2ca6c3afb84642aabc5c97d9fc2a0d"
url = "https://github.com/jqlang/jq/releases/download/jq-1.8.1/jq-linux-amd64"
provenance = "github-attestations"

[tools."aqua:jqlang/jq"."platforms.linux-x64-musl"]
checksum = "sha256:020468de7539ce70ef1bceaf7cde2e8c4f2ca6c3afb84642aabc5c97d9fc2a0d"
url = "https://github.com/jqlang/jq/releases/download/jq-1.8.1/jq-linux-amd64"
provenance = "github-attestations"

[tools."aqua:jqlang/jq"."platforms.macos-arm64"]
checksum = "sha256:a9fe3ea2f86dfc72f6728417521ec9067b343277152b114f4e98d8cb0e263603"
url = "https://github.com/jqlang/jq/releases/download/jq-1.8.1/jq-macos-arm64"
provenance = "github-attestations"

[tools."aqua:jqlang/jq"."platforms.macos-x64"]
checksum = "sha256:e80dbe0d2a2597e3c11c404f03337b981d74b4a8504b70586c354b7697a7c27f"
url = "https://github.com/jqlang/jq/releases/download/jq-1.8.1/jq-macos-amd64"
provenance = "github-attestations"

[tools."aqua:jqlang/jq"."platforms.windows-x64"]
checksum = "sha256:23cb60a1354eed6bcc8d9b9735e8c7b388cd1fdcb75726b93bc299ef22dd9334"
url = "https://github.com/jqlang/jq/releases/download/jq-1.8.1/jq-windows-amd64.exe"
provenance = "github-attestations"

[[tools."aqua:kubernetes-sigs/kind"]]
version = "0.31.0"
backend = "aqua:kubernetes-sigs/kind"

[tools."aqua:kubernetes-sigs/kind"."platforms.linux-arm64"]
checksum = "sha256:8e1014e87c34901cc422a1445866835d1e666f2a61301c27e722bdeab5a1f7e4"
url = "https://github.com/kubernetes-sigs/kind/releases/download/v0.31.0/kind-linux-arm64"

[tools."aqua:kubernetes-sigs/kind"."platforms.linux-arm64-musl"]
checksum = "sha256:8e1014e87c34901cc422a1445866835d1e666f2a61301c27e722bdeab5a1f7e4"
url = "https://github.com/kubernetes-sigs/kind/releases/download/v0.31.0/kind-linux-arm64"

[tools."aqua:kubernetes-sigs/kind"."platforms.linux-x64"]
checksum = "sha256:eb244cbafcc157dff60cf68693c14c9a75c4e6e6fedaf9cd71c58117cb93e3fa"
url = "https://github.com/kubernetes-sigs/kind/releases/download/v0.31.0/kind-linux-amd64"

[tools."aqua:kubernetes-sigs/kind"."platforms.linux-x64-musl"]
checksum = "sha256:eb244cbafcc157dff60cf68693c14c9a75c4e6e6fedaf9cd71c58117cb93e3fa"
url = "https://github.com/kubernetes-sigs/kind/releases/download/v0.31.0/kind-linux-amd64"

[tools."aqua:kubernetes-sigs/kind"."platforms.macos-arm64"]
checksum = "sha256:88bf554fe9da6311c9f8c2d082613c002911a476f6b5090e9420b35d84e70c5c"
url = "https://github.com/kubernetes-sigs/kind/releases/download/v0.31.0/kind-darwin-arm64"

[tools."aqua:kubernetes-sigs/kind"."platforms.macos-x64"]
checksum = "sha256:a8b3cf77b2ad77aec5bf710d1a2589d9117576132af812885cad41e9dede4d4e"
url = "https://github.com/kubernetes-sigs/kind/releases/download/v0.31.0/kind-darwin-amd64"

[tools."aqua:kubernetes-sigs/kind"."platforms.windows-x64"]
checksum = "sha256:2c3a9ff954de16244380778683cf99e271bfc2fac9c6c4e797e4623c45e59d9d"
url = "https://github.com/kubernetes-sigs/kind/releases/download/v0.31.0/kind-windows-amd64"

[[tools."aqua:kubernetes/kubernetes/kubectl"]]
version = "1.36.1"
backend = "aqua:kubernetes/kubernetes/kubectl"

[tools."aqua:kubernetes/kubernetes/kubectl"."platforms.linux-arm64"]
checksum = "sha256:59f7ee8e477fae658447607dc3c8790ac17a1b016c01c622c12070e969e2d4e7"
url = "https://dl.k8s.io/v1.36.1/bin/linux/arm64/kubectl"

[tools."aqua:kubernetes/kubernetes/kubectl"."platforms.linux-arm64-musl"]
checksum = "sha256:59f7ee8e477fae658447607dc3c8790ac17a1b016c01c622c12070e969e2d4e7"
url = "https://dl.k8s.io/v1.36.1/bin/linux/arm64/kubectl"

[tools."aqua:kubernetes/kubernetes/kubectl"."platforms.linux-x64"]
checksum = "sha256:629d3f410e09bf49b64ae7079f7f0bda1191efed311f7d37fdbab0ad5b0ec2b7"
url = "https://dl.k8s.io/v1.36.1/bin/linux/amd64/kubectl"

[tools."aqua:kubernetes/kubernetes/kubectl"."platforms.linux-x64-musl"]
checksum = "sha256:629d3f410e09bf49b64ae7079f7f0bda1191efed311f7d37fdbab0ad5b0ec2b7"
url = "https://dl.k8s.io/v1.36.1/bin/linux/amd64/kubectl"

[tools."aqua:kubernetes/kubernetes/kubectl"."platforms.macos-arm64"]
checksum = "sha256:9092778abaef3079449da4cd70ded0e4be112480c93efcdeace3155968d1d133"
url = "https://dl.k8s.io/v1.36.1/bin/darwin/arm64/kubectl"

[tools."aqua:kubernetes/kubernetes/kubectl"."platforms.macos-x64"]
checksum = "sha256:b4973e90ebb00537d735b63d6f8293c1959156e6ff435f6a43c08aeaa1a2e7d7"
url = "https://dl.k8s.io/v1.36.1/bin/darwin/amd64/kubectl"

[tools."aqua:kubernetes/kubernetes/kubectl"."platforms.windows-x64"]
checksum = "sha256:538f4229eee91a17b34724da7daade7687393d6988e33b723c6c306572c13900"
url = "https://dl.k8s.io/v1.36.1/bin/windows/amd64/kubectl.exe"

[[tools."aqua:mikefarah/yq"]]
version = "4.53.2"
backend = "aqua:mikefarah/yq"

[tools."aqua:mikefarah/yq"."platforms.linux-arm64"]
checksum = "sha256:03061b2a50c7a498de2bbb92d7cb078ce433011f085a4994117c2726be4106ea"
url = "https://github.com/mikefarah/yq/releases/download/v4.53.2/yq_linux_arm64"

[tools."aqua:mikefarah/yq"."platforms.linux-arm64-musl"]
checksum = "sha256:03061b2a50c7a498de2bbb92d7cb078ce433011f085a4994117c2726be4106ea"
url = "https://github.com/mikefarah/yq/releases/download/v4.53.2/yq_linux_arm64"

[tools."aqua:mikefarah/yq"."platforms.linux-x64"]
checksum = "sha256:d56bf5c6819e8e696340c312bd70f849dc1678a7cda9c2ad63eebd906371d56b"
url = "https://github.com/mikefarah/yq/releases/download/v4.53.2/yq_linux_amd64"

[tools."aqua:mikefarah/yq"."platforms.linux-x64-musl"]
checksum = "sha256:d56bf5c6819e8e696340c312bd70f849dc1678a7cda9c2ad63eebd906371d56b"
url = "https://github.com/mikefarah/yq/releases/download/v4.53.2/yq_linux_amd64"

[tools."aqua:mikefarah/yq"."platforms.macos-arm64"]
checksum = "sha256:541ba2287560df70f561955e2d7f7e1cd00cf2a15a884f6b5c87a4bfa887bc07"
url = "https://github.com/mikefarah/yq/releases/download/v4.53.2/yq_darwin_arm64"

[tools."aqua:mikefarah/yq"."platforms.macos-x64"]
checksum = "sha256:616b0a0f6a5b79d746f05a169c2b9bb40dee00c605ef165b9a1c1681bba738ac"
url = "https://github.com/mikefarah/yq/releases/download/v4.53.2/yq_darwin_amd64"

[tools."aqua:mikefarah/yq"."platforms.windows-x64"]
checksum = "sha256:2aee32f1de46a20672f48c25df3018839798bd509143f2ce05fdab1550ff5592"
url = "https://github.com/mikefarah/yq/releases/download/v4.53.2/yq_windows_amd64.exe"

[[tools."aqua:sigstore/cosign"]]
version = "3.0.6"
backend = "aqua:sigstore/cosign"

[tools."aqua:sigstore/cosign"."platforms.linux-arm64"]
checksum = "sha256:bedac92e8c3729864e13d4a17048007cfafa79d5deca993a43a90ffe018ef2b8"
url = "https://github.com/sigstore/cosign/releases/download/v3.0.6/cosign-linux-arm64"
provenance = "cosign"

[tools."aqua:sigstore/cosign"."platforms.linux-arm64-musl"]
checksum = "sha256:bedac92e8c3729864e13d4a17048007cfafa79d5deca993a43a90ffe018ef2b8"
url = "https://github.com/sigstore/cosign/releases/download/v3.0.6/cosign-linux-arm64"
provenance = "cosign"

[tools."aqua:sigstore/cosign"."platforms.linux-x64"]
checksum = "sha256:c956e5dfcac53d52bcf058360d579472f0c1d2d9b69f55209e256fe7783f4c74"
url = "https://github.com/sigstore/cosign/releases/download/v3.0.6/cosign-linux-amd64"
provenance = "cosign"

[tools."aqua:sigstore/cosign"."platforms.linux-x64-musl"]
checksum = "sha256:c956e5dfcac53d52bcf058360d579472f0c1d2d9b69f55209e256fe7783f4c74"
url = "https://github.com/sigstore/cosign/releases/download/v3.0.6/cosign-linux-amd64"
provenance = "cosign"

[tools."aqua:sigstore/cosign"."platforms.macos-arm64"]
checksum = "sha256:5fadd012ae6381a6a29ff86a7d39aa873878852f1073fc90b15995961ecfb084"
url = "https://github.com/sigstore/cosign/releases/download/v3.0.6/cosign-darwin-arm64"
provenance = "cosign"

[tools."aqua:sigstore/cosign"."platforms.macos-x64"]
checksum = "sha256:4c3e7af8372d3ca3296e62fa56f23fcbb5721cc6ac1827900d398f110d7cd280"
url = "https://github.com/sigstore/cosign/releases/download/v3.0.6/cosign-darwin-amd64"
provenance = "cosign"

[tools."aqua:sigstore/cosign"."platforms.windows-x64"]
checksum = "sha256:9b85a88ebff2d9dd30ff4984a6f61f2cedc232dd87d81fa7f2ff3c0ed96c241c"
url = "https://github.com/sigstore/cosign/releases/download/v3.0.6/cosign-windows-amd64.exe"
provenance = "cosign"

[[tools."aqua:zizmorcore/zizmor"]]
version = "1.25.2"
backend = "aqua:zizmorcore/zizmor"

[tools."aqua:zizmorcore/zizmor"."platforms.linux-arm64"]
checksum = "sha256:4b4b9491112c2a09b318101c0d3349b73af1c4f532e097dd6d0164f2abda760d"
url = "https://github.com/zizmorcore/zizmor/releases/download/v1.25.2/zizmor-aarch64-unknown-linux-gnu.tar.gz"
provenance = "github-attestations"

[tools."aqua:zizmorcore/zizmor"."platforms.linux-arm64-musl"]
provenance = "github-attestations"

[tools."aqua:zizmorcore/zizmor"."platforms.linux-x64"]
checksum = "sha256:aa1facd105f0d83fe5c55b1adcd9d7417de5d83aa27471f91dc0b66cf3803577"
url = "https://github.com/zizmorcore/zizmor/releases/download/v1.25.2/zizmor-x86_64-unknown-linux-gnu.tar.gz"
provenance = "github-attestations"

[tools."aqua:zizmorcore/zizmor"."platforms.linux-x64-musl"]
provenance = "github-attestations"

[tools."aqua:zizmorcore/zizmor"."platforms.macos-arm64"]
checksum = "sha256:624ef0e09521aecd862126be0f6d7754669af2646750d68ac48a114be33c3146"
url = "https://github.com/zizmorcore/zizmor/releases/download/v1.25.2/zizmor-aarch64-apple-darwin.tar.gz"
provenance = "github-attestations"

[tools."aqua:zizmorcore/zizmor"."platforms.macos-x64"]
checksum = "sha256:353271b9ec301dd4ba158af481323c831c6e9b494d5ac3f5aa58cf4b207699cc"
url = "https://github.com/zizmorcore/zizmor/releases/download/v1.25.2/zizmor-x86_64-apple-darwin.tar.gz"
provenance = "github-attestations"

[tools."aqua:zizmorcore/zizmor"."platforms.windows-x64"]
checksum = "sha256:65d46a8144f701200621b580f632076d80d082d60856de9f88793a95fb5882d7"
url = "https://github.com/zizmorcore/zizmor/releases/download/v1.25.2/zizmor-x86_64-pc-windows-msvc.zip"
provenance = "github-attestations"

[[tools.cosign]]
version = "3.0.6"
backend = "aqua:sigstore/cosign"

[tools.cosign."platforms.linux-arm64"]
checksum = "sha256:bedac92e8c3729864e13d4a17048007cfafa79d5deca993a43a90ffe018ef2b8"
url = "https://github.com/sigstore/cosign/releases/download/v3.0.6/cosign-linux-arm64"
provenance = "cosign"

[tools.cosign."platforms.linux-arm64-musl"]
checksum = "sha256:bedac92e8c3729864e13d4a17048007cfafa79d5deca993a43a90ffe018ef2b8"
url = "https://github.com/sigstore/cosign/releases/download/v3.0.6/cosign-linux-arm64"
provenance = "cosign"

[tools.cosign."platforms.linux-x64"]
checksum = "sha256:c956e5dfcac53d52bcf058360d579472f0c1d2d9b69f55209e256fe7783f4c74"
url = "https://github.com/sigstore/cosign/releases/download/v3.0.6/cosign-linux-amd64"
provenance = "cosign"

[tools.cosign."platforms.linux-x64-musl"]
checksum = "sha256:c956e5dfcac53d52bcf058360d579472f0c1d2d9b69f55209e256fe7783f4c74"
url = "https://github.com/sigstore/cosign/releases/download/v3.0.6/cosign-linux-amd64"
provenance = "cosign"

[tools.cosign."platforms.macos-arm64"]
checksum = "sha256:5fadd012ae6381a6a29ff86a7d39aa873878852f1073fc90b15995961ecfb084"
url = "https://github.com/sigstore/cosign/releases/download/v3.0.6/cosign-darwin-arm64"
provenance = "cosign"

[tools.cosign."platforms.macos-x64"]
checksum = "sha256:4c3e7af8372d3ca3296e62fa56f23fcbb5721cc6ac1827900d398f110d7cd280"
url = "https://github.com/sigstore/cosign/releases/download/v3.0.6/cosign-darwin-amd64"
provenance = "cosign"

[tools.cosign."platforms.windows-x64"]
checksum = "sha256:9b85a88ebff2d9dd30ff4984a6f61f2cedc232dd87d81fa7f2ff3c0ed96c241c"
url = "https://github.com/sigstore/cosign/releases/download/v3.0.6/cosign-windows-amd64.exe"
provenance = "cosign"

[[tools.flux2]]
version = "2.8.8"
backend = "aqua:fluxcd/flux2"

[tools.flux2."platforms.linux-arm64"]
checksum = "sha256:738604ab040055ace69777988a24def98ada1aff14ae4726e733089dc8cc5e12"
url = "https://github.com/fluxcd/flux2/releases/download/v2.8.8/flux_2.8.8_linux_arm64.tar.gz"

[tools.flux2."platforms.linux-arm64".provenance.slsa]
url = "https://github.com/fluxcd/flux2/releases/download/v2.8.8/provenance.intoto.jsonl"

[tools.flux2."platforms.linux-arm64-musl"]
checksum = "sha256:738604ab040055ace69777988a24def98ada1aff14ae4726e733089dc8cc5e12"
url = "https://github.com/fluxcd/flux2/releases/download/v2.8.8/flux_2.8.8_linux_arm64.tar.gz"

[tools.flux2."platforms.linux-arm64-musl".provenance.slsa]
url = "https://github.com/fluxcd/flux2/releases/download/v2.8.8/provenance.intoto.jsonl"

[tools.flux2."platforms.linux-x64"]
checksum = "sha256:3791d8fbb73b967ada021186f7b46686a2b180ce206d3c279c3f2ad183877a7f"
url = "https://github.com/fluxcd/flux2/releases/download/v2.8.8/flux_2.8.8_linux_amd64.tar.gz"

[tools.flux2."platforms.linux-x64".provenance.slsa]
url = "https://github.com/fluxcd/flux2/releases/download/v2.8.8/provenance.intoto.jsonl"

[tools.flux2."platforms.linux-x64-musl"]
checksum = "sha256:3791d8fbb73b967ada021186f7b46686a2b180ce206d3c279c3f2ad183877a7f"
url = "https://github.com/fluxcd/flux2/releases/download/v2.8.8/flux_2.8.8_linux_amd64.tar.gz"

[tools.flux2."platforms.linux-x64-musl".provenance.slsa]
url = "https://github.com/fluxcd/flux2/releases/download/v2.8.8/provenance.intoto.jsonl"

[tools.flux2."platforms.macos-arm64"]
checksum = "sha256:f54bb4d83cfc9563fd3213381d50fe1102215ef904ecf9c38afa183b02c74eb7"
url = "https://github.com/fluxcd/flux2/releases/download/v2.8.8/flux_2.8.8_darwin_arm64.tar.gz"

[tools.flux2."platforms.macos-arm64".provenance.slsa]
url = "https://github.com/fluxcd/flux2/releases/download/v2.8.8/provenance.intoto.jsonl"

[tools.flux2."platforms.macos-x64"]
checksum = "sha256:dcff834cd7b78acd22efd182b8a3bc08193cb00e734d62969070c2d888b1ded7"
url = "https://github.com/fluxcd/flux2/releases/download/v2.8.8/flux_2.8.8_darwin_amd64.tar.gz"

[tools.flux2."platforms.macos-x64".provenance.slsa]
url = "https://github.com/fluxcd/flux2/releases/download/v2.8.8/provenance.intoto.jsonl"

[tools.flux2."platforms.windows-x64"]
checksum = "sha256:78045ff9a4e2a6c05265d7a027694fbaca43f08f782da5c9214f852e06189bf8"
url = "https://github.com/fluxcd/flux2/releases/download/v2.8.8/flux_2.8.8_windows_amd64.zip"

[tools.flux2."platforms.windows-x64".provenance.slsa]
url = "https://github.com/fluxcd/flux2/releases/download/v2.8.8/provenance.intoto.jsonl"

[[tools."github:sholdee/crd-schema-publisher"]]
version = "2026.519.317"
backend = "github:sholdee/crd-schema-publisher"

[tools."github:sholdee/crd-schema-publisher"."platforms.linux-arm64"]
checksum = "sha256:fa296b16124361560a25dbcc4cfe46a820ce75d55dd155a5a0c867bed4407939"
url = "https://github.com/sholdee/crd-schema-publisher/releases/download/v2026.519.317/crd-schema-publisher-linux-arm64"
url_api = "https://api.github.com/repos/sholdee/crd-schema-publisher/releases/assets/423738827"
provenance = "github-attestations"

[tools."github:sholdee/crd-schema-publisher"."platforms.linux-arm64-musl"]
checksum = "sha256:fa296b16124361560a25dbcc4cfe46a820ce75d55dd155a5a0c867bed4407939"
url = "https://github.com/sholdee/crd-schema-publisher/releases/download/v2026.519.317/crd-schema-publisher-linux-arm64"
url_api = "https://api.github.com/repos/sholdee/crd-schema-publisher/releases/assets/423738827"
provenance = "github-attestations"

[tools."github:sholdee/crd-schema-publisher"."platforms.linux-x64"]
checksum = "sha256:0006d13de4a46085adfc23441023f726924dcadd4734a7302117d0de0c78635a"
url = "https://github.com/sholdee/crd-schema-publisher/releases/download/v2026.519.317/crd-schema-publisher-linux-amd64"
url_api = "https://api.github.com/repos/sholdee/crd-schema-publisher/releases/assets/423738825"
provenance = "github-attestations"

[tools."github:sholdee/crd-schema-publisher"."platforms.linux-x64-musl"]
checksum = "sha256:0006d13de4a46085adfc23441023f726924dcadd4734a7302117d0de0c78635a"
url = "https://github.com/sholdee/crd-schema-publisher/releases/download/v2026.519.317/crd-schema-publisher-linux-amd64"
url_api = "https://api.github.com/repos/sholdee/crd-schema-publisher/releases/assets/423738825"
provenance = "github-attestations"

[tools."github:sholdee/crd-schema-publisher"."platforms.macos-arm64"]
checksum = "sha256:44503fc98b445f46f948131197a2d8bec1e56e95a2235cc23acffe8df561b32b"
url = "https://github.com/sholdee/crd-schema-publisher/releases/download/v2026.519.317/crd-schema-publisher-darwin-arm64"
url_api = "https://api.github.com/repos/sholdee/crd-schema-publisher/releases/assets/423738824"
provenance = "github-attestations"

[tools."github:sholdee/crd-schema-publisher"."platforms.macos-x64"]
checksum = "sha256:e6f67f4bb9e184307a47938e8437c55168503f39f56d548ec57ddffb43418def"
url = "https://github.com/sholdee/crd-schema-publisher/releases/download/v2026.519.317/crd-schema-publisher-darwin-amd64"
url_api = "https://api.github.com/repos/sholdee/crd-schema-publisher/releases/assets/423738826"
provenance = "github-attestations"

[[tools.jq]]
version = "1.8.1"
backend = "aqua:jqlang/jq"

[tools.jq."platforms.linux-arm64"]
checksum = "sha256:6bc62f25981328edd3cfcfe6fe51b073f2d7e7710d7ef7fcdac28d4e384fc3d4"
url = "https://github.com/jqlang/jq/releases/download/jq-1.8.1/jq-linux-arm64"
provenance = "github-attestations"

[tools.jq."platforms.linux-arm64-musl"]
checksum = "sha256:6bc62f25981328edd3cfcfe6fe51b073f2d7e7710d7ef7fcdac28d4e384fc3d4"
url = "https://github.com/jqlang/jq/releases/download/jq-1.8.1/jq-linux-arm64"
provenance = "github-attestations"

[tools.jq."platforms.linux-x64"]
checksum = "sha256:020468de7539ce70ef1bceaf7cde2e8c4f2ca6c3afb84642aabc5c97d9fc2a0d"
url = "https://github.com/jqlang/jq/releases/download/jq-1.8.1/jq-linux-amd64"
provenance = "github-attestations"

[tools.jq."platforms.linux-x64-musl"]
checksum = "sha256:020468de7539ce70ef1bceaf7cde2e8c4f2ca6c3afb84642aabc5c97d9fc2a0d"
url = "https://github.com/jqlang/jq/releases/download/jq-1.8.1/jq-linux-amd64"
provenance = "github-attestations"

[tools.jq."platforms.macos-arm64"]
checksum = "sha256:a9fe3ea2f86dfc72f6728417521ec9067b343277152b114f4e98d8cb0e263603"
url = "https://github.com/jqlang/jq/releases/download/jq-1.8.1/jq-macos-arm64"
provenance = "github-attestations"

[tools.jq."platforms.macos-x64"]
checksum = "sha256:e80dbe0d2a2597e3c11c404f03337b981d74b4a8504b70586c354b7697a7c27f"
url = "https://github.com/jqlang/jq/releases/download/jq-1.8.1/jq-macos-amd64"
provenance = "github-attestations"

[tools.jq."platforms.windows-x64"]
checksum = "sha256:23cb60a1354eed6bcc8d9b9735e8c7b388cd1fdcb75726b93bc299ef22dd9334"
url = "https://github.com/jqlang/jq/releases/download/jq-1.8.1/jq-windows-amd64.exe"
provenance = "github-attestations"

[[tools.kind]]
version = "0.31.0"
backend = "aqua:kubernetes-sigs/kind"

[tools.kind."platforms.linux-arm64"]
checksum = "sha256:8e1014e87c34901cc422a1445866835d1e666f2a61301c27e722bdeab5a1f7e4"
url = "https://github.com/kubernetes-sigs/kind/releases/download/v0.31.0/kind-linux-arm64"

[tools.kind."platforms.linux-arm64-musl"]
checksum = "sha256:8e1014e87c34901cc422a1445866835d1e666f2a61301c27e722bdeab5a1f7e4"
url = "https://github.com/kubernetes-sigs/kind/releases/download/v0.31.0/kind-linux-arm64"

[tools.kind."platforms.linux-x64"]
checksum = "sha256:eb244cbafcc157dff60cf68693c14c9a75c4e6e6fedaf9cd71c58117cb93e3fa"
url = "https://github.com/kubernetes-sigs/kind/releases/download/v0.31.0/kind-linux-amd64"

[tools.kind."platforms.linux-x64-musl"]
checksum = "sha256:eb244cbafcc157dff60cf68693c14c9a75c4e6e6fedaf9cd71c58117cb93e3fa"
url = "https://github.com/kubernetes-sigs/kind/releases/download/v0.31.0/kind-linux-amd64"

[tools.kind."platforms.macos-arm64"]
checksum = "sha256:88bf554fe9da6311c9f8c2d082613c002911a476f6b5090e9420b35d84e70c5c"
url = "https://github.com/kubernetes-sigs/kind/releases/download/v0.31.0/kind-darwin-arm64"

[tools.kind."platforms.macos-x64"]
checksum = "sha256:a8b3cf77b2ad77aec5bf710d1a2589d9117576132af812885cad41e9dede4d4e"
url = "https://github.com/kubernetes-sigs/kind/releases/download/v0.31.0/kind-darwin-amd64"

[tools.kind."platforms.windows-x64"]
checksum = "sha256:2c3a9ff954de16244380778683cf99e271bfc2fac9c6c4e797e4623c45e59d9d"
url = "https://github.com/kubernetes-sigs/kind/releases/download/v0.31.0/kind-windows-amd64"

[[tools.kubectl]]
version = "1.36.1"
backend = "aqua:kubernetes/kubernetes/kubectl"

[tools.kubectl."platforms.linux-arm64"]
checksum = "sha256:59f7ee8e477fae658447607dc3c8790ac17a1b016c01c622c12070e969e2d4e7"
url = "https://dl.k8s.io/v1.36.1/bin/linux/arm64/kubectl"

[tools.kubectl."platforms.linux-arm64-musl"]
checksum = "sha256:59f7ee8e477fae658447607dc3c8790ac17a1b016c01c622c12070e969e2d4e7"
url = "https://dl.k8s.io/v1.36.1/bin/linux/arm64/kubectl"

[tools.kubectl."platforms.linux-x64"]
checksum = "sha256:629d3f410e09bf49b64ae7079f7f0bda1191efed311f7d37fdbab0ad5b0ec2b7"
url = "https://dl.k8s.io/v1.36.1/bin/linux/amd64/kubectl"

[tools.kubectl."platforms.linux-x64-musl"]
checksum = "sha256:629d3f410e09bf49b64ae7079f7f0bda1191efed311f7d37fdbab0ad5b0ec2b7"
url = "https://dl.k8s.io/v1.36.1/bin/linux/amd64/kubectl"

[tools.kubectl."platforms.macos-arm64"]
checksum = "sha256:9092778abaef3079449da4cd70ded0e4be112480c93efcdeace3155968d1d133"
url = "https://dl.k8s.io/v1.36.1/bin/darwin/arm64/kubectl"

[tools.kubectl."platforms.macos-x64"]
checksum = "sha256:b4973e90ebb00537d735b63d6f8293c1959156e6ff435f6a43c08aeaa1a2e7d7"
url = "https://dl.k8s.io/v1.36.1/bin/darwin/amd64/kubectl"

[tools.kubectl."platforms.windows-x64"]
checksum = "sha256:538f4229eee91a17b34724da7daade7687393d6988e33b723c6c306572c13900"
url = "https://dl.k8s.io/v1.36.1/bin/windows/amd64/kubectl.exe"

[[tools.lefthook]]
version = "2.1.8"
backend = "aqua:evilmartians/lefthook"

[tools.lefthook."platforms.linux-arm64"]
checksum = "sha256:2c0af40eb3209917733f72329abc2e91e51aa5fab85475ec515978c852c4d470"
url = "https://github.com/evilmartians/lefthook/releases/download/v2.1.8/lefthook_2.1.8_Linux_aarch64.gz"
provenance = "github-attestations"

[tools.lefthook."platforms.linux-arm64-musl"]
checksum = "sha256:2c0af40eb3209917733f72329abc2e91e51aa5fab85475ec515978c852c4d470"
url = "https://github.com/evilmartians/lefthook/releases/download/v2.1.8/lefthook_2.1.8_Linux_aarch64.gz"
provenance = "github-attestations"

[tools.lefthook."platforms.linux-x64"]
checksum = "sha256:15420bb2ce30ba5b71e242542b28f06447630011af924a3324ff63a0fee32f8c"
url = "https://github.com/evilmartians/lefthook/releases/download/v2.1.8/lefthook_2.1.8_Linux_x86_64.gz"
provenance = "github-attestations"

[tools.lefthook."platforms.linux-x64-musl"]
checksum = "sha256:15420bb2ce30ba5b71e242542b28f06447630011af924a3324ff63a0fee32f8c"
url = "https://github.com/evilmartians/lefthook/releases/download/v2.1.8/lefthook_2.1.8_Linux_x86_64.gz"
provenance = "github-attestations"

[tools.lefthook."platforms.macos-arm64"]
checksum = "sha256:911d530d68ba1495beb32009bf895e296208a556a030d254e8d5641823ba7a25"
url = "https://github.com/evilmartians/lefthook/releases/download/v2.1.8/lefthook_2.1.8_MacOS_arm64.gz"
provenance = "github-attestations"

[tools.lefthook."platforms.macos-x64"]
checksum = "sha256:5d95768cf7383e21e5320dc1b351671fca009bc44800ec2366f824f5540d354f"
url = "https://github.com/evilmartians/lefthook/releases/download/v2.1.8/lefthook_2.1.8_MacOS_x86_64.gz"
provenance = "github-attestations"

[tools.lefthook."platforms.windows-x64"]
checksum = "sha256:13cab0ebb26b89c66bbf53a658c4126bf34202a857412690bb61c14c530b1ecf"
url = "https://github.com/evilmartians/lefthook/releases/download/v2.1.8/lefthook_2.1.8_Windows_x86_64.gz"
provenance = "github-attestations"

[[tools.sd]]
version = "1.1.0"
backend = "aqua:chmln/sd"

[tools.sd."platforms.linux-arm64"]
checksum = "sha256:ec8c93c0533ff21f4851d11566808d4082544baf063d9b96ea77c27e98b7cd99"
url = "https://github.com/chmln/sd/releases/download/v1.1.0/sd-v1.1.0-aarch64-unknown-linux-musl.tar.gz"

[tools.sd."platforms.linux-arm64-musl"]
checksum = "sha256:ec8c93c0533ff21f4851d11566808d4082544baf063d9b96ea77c27e98b7cd99"
url = "https://github.com/chmln/sd/releases/download/v1.1.0/sd-v1.1.0-aarch64-unknown-linux-musl.tar.gz"

[tools.sd."platforms.linux-x64"]
checksum = "sha256:02f00f4777d43e8e95b7b8d49e1a0d6e502fed4b8e79c1c8b8063857a30caa2e"
url = "https://github.com/chmln/sd/releases/download/v1.1.0/sd-v1.1.0-x86_64-unknown-linux-musl.tar.gz"

[tools.sd."platforms.linux-x64-musl"]
checksum = "sha256:02f00f4777d43e8e95b7b8d49e1a0d6e502fed4b8e79c1c8b8063857a30caa2e"
url = "https://github.com/chmln/sd/releases/download/v1.1.0/sd-v1.1.0-x86_64-unknown-linux-musl.tar.gz"

[tools.sd."platforms.macos-arm64"]
checksum = "sha256:4bd3c09226376ca0a1d69589c91e86276fae36c5fbaaee669afce583f6682030"
url = "https://github.com/chmln/sd/releases/download/v1.1.0/sd-v1.1.0-aarch64-apple-darwin.tar.gz"

[tools.sd."platforms.macos-x64"]
checksum = "sha256:1fca1e9c91813a8aac6821063c923107ba0f66a83309e095edcd3b202f67f97e"
url = "https://github.com/chmln/sd/releases/download/v1.1.0/sd-v1.1.0-x86_64-apple-darwin.tar.gz"

[tools.sd."platforms.windows-x64"]
checksum = "sha256:59837c2e7c911099aca1cc46b663bcdc5a949fd3e9fbbaf34fc73e5d5d71007c"
url = "https://github.com/chmln/sd/releases/download/v1.1.0/sd-v1.1.0-x86_64-pc-windows-msvc.zip"

[[tools.vendir]]
version = "0.45.3"
backend = "aqua:carvel-dev/vendir"

[tools.vendir."platforms.linux-arm64"]
checksum = "sha256:cb951dedcf2e64d8d76cb9c205d13ce78f6a8802a74caa1205ec47bc9f2dac65"
url = "https://github.com/carvel-dev/vendir/releases/download/v0.45.3/vendir-linux-arm64"

[tools.vendir."platforms.linux-arm64-musl"]
checksum = "sha256:cb951dedcf2e64d8d76cb9c205d13ce78f6a8802a74caa1205ec47bc9f2dac65"
url = "https://github.com/carvel-dev/vendir/releases/download/v0.45.3/vendir-linux-arm64"

[tools.vendir."platforms.linux-x64"]
checksum = "sha256:7dc6dd9706170b442a7aaf3b4e29da57cca722a3252ed8f6ac9c2997e93a0aa5"
url = "https://github.com/carvel-dev/vendir/releases/download/v0.45.3/vendir-linux-amd64"

[tools.vendir."platforms.linux-x64-musl"]
checksum = "sha256:7dc6dd9706170b442a7aaf3b4e29da57cca722a3252ed8f6ac9c2997e93a0aa5"
url = "https://github.com/carvel-dev/vendir/releases/download/v0.45.3/vendir-linux-amd64"

[tools.vendir."platforms.macos-arm64"]
checksum = "sha256:4c27422b42a83ed598e5548542c0cd19d185002f6d4ae8e12d59df27ebcdf572"
url = "https://github.com/carvel-dev/vendir/releases/download/v0.45.3/vendir-darwin-arm64"

[tools.vendir."platforms.macos-x64"]
checksum = "sha256:52a584cf8c9c97b0f9693f33e404b971f3f65bff3a136d979d7b92c8a8f5cf62"
url = "https://github.com/carvel-dev/vendir/releases/download/v0.45.3/vendir-darwin-amd64"

[tools.vendir."platforms.windows-x64"]
checksum = "sha256:5d73e1c1eccf245585887c99ebe004712adfaa5db66b212066df37b572475fca"
url = "https://github.com/carvel-dev/vendir/releases/download/v0.45.3/vendir-windows-amd64.exe"

[[tools.yamlfmt]]
version = "0.21.0"
backend = "aqua:google/yamlfmt"

[tools.yamlfmt."platforms.linux-arm64"]
checksum = "sha256:5b2689c963b177271330c5ce8ca7396751107e5a826be46f03d2cb9b6f0c7784"
url = "https://github.com/google/yamlfmt/releases/download/v0.21.0/yamlfmt_0.21.0_Linux_arm64.tar.gz"

[tools.yamlfmt."platforms.linux-arm64-musl"]
checksum = "sha256:5b2689c963b177271330c5ce8ca7396751107e5a826be46f03d2cb9b6f0c7784"
url = "https://github.com/google/yamlfmt/releases/download/v0.21.0/yamlfmt_0.21.0_Linux_arm64.tar.gz"

[tools.yamlfmt."platforms.linux-x64"]
checksum = "sha256:1f300d9257b232bb3b541d7fb1b0e6b3c121bcbab381c86cd38cb8722be8a566"
url = "https://github.com/google/yamlfmt/releases/download/v0.21.0/yamlfmt_0.21.0_Linux_x86_64.tar.gz"

[tools.yamlfmt."platforms.linux-x64-musl"]
checksum = "sha256:1f300d9257b232bb3b541d7fb1b0e6b3c121bcbab381c86cd38cb8722be8a566"
url = "https://github.com/google/yamlfmt/releases/download/v0.21.0/yamlfmt_0.21.0_Linux_x86_64.tar.gz"

[tools.yamlfmt."platforms.macos-arm64"]
checksum = "sha256:4b417ecb94339d57e4c122ecc948c1a00fe328b5853266de9806e652a92858fa"
url = "https://github.com/google/yamlfmt/releases/download/v0.21.0/yamlfmt_0.21.0_Darwin_arm64.tar.gz"

[tools.yamlfmt."platforms.macos-x64"]
checksum = "sha256:060e943bcb8583c456810eb1ff4721b4f46c4a0c1a4432449d5dc3bbfe29a22b"
url = "https://github.com/google/yamlfmt/releases/download/v0.21.0/yamlfmt_0.21.0_Darwin_x86_64.tar.gz"

[tools.yamlfmt."platforms.windows-x64"]
checksum = "sha256:07f80ce5d741eb4b0a9380ac78a19c7cb5bd44e2a9a47a5a04839e3ba54dd463"
url = "https://github.com/google/yamlfmt/releases/download/v0.21.0/yamlfmt_0.21.0_Windows_x86_64.tar.gz"

[[tools.yq]]
version = "4.53.2"
backend = "aqua:mikefarah/yq"

[tools.yq."platforms.linux-arm64"]
checksum = "sha256:03061b2a50c7a498de2bbb92d7cb078ce433011f085a4994117c2726be4106ea"
url = "https://github.com/mikefarah/yq/releases/download/v4.53.2/yq_linux_arm64"

[tools.yq."platforms.linux-arm64-musl"]
checksum = "sha256:03061b2a50c7a498de2bbb92d7cb078ce433011f085a4994117c2726be4106ea"
url = "https://github.com/mikefarah/yq/releases/download/v4.53.2/yq_linux_arm64"

[tools.yq."platforms.linux-x64"]
checksum = "sha256:d56bf5c6819e8e696340c312bd70f849dc1678a7cda9c2ad63eebd906371d56b"
url = "https://github.com/mikefarah/yq/releases/download/v4.53.2/yq_linux_amd64"

[tools.yq."platforms.linux-x64-musl"]
checksum = "sha256:d56bf5c6819e8e696340c312bd70f849dc1678a7cda9c2ad63eebd906371d56b"
url = "https://github.com/mikefarah/yq/releases/download/v4.53.2/yq_linux_amd64"

[tools.yq."platforms.macos-arm64"]
checksum = "sha256:541ba2287560df70f561955e2d7f7e1cd00cf2a15a884f6b5c87a4bfa887bc07"
url = "https://github.com/mikefarah/yq/releases/download/v4.53.2/yq_darwin_arm64"

[tools.yq."platforms.macos-x64"]
checksum = "sha256:616b0a0f6a5b79d746f05a169c2b9bb40dee00c605ef165b9a1c1681bba738ac"
url = "https://github.com/mikefarah/yq/releases/download/v4.53.2/yq_darwin_amd64"

[tools.yq."platforms.windows-x64"]
checksum = "sha256:2aee32f1de46a20672f48c25df3018839798bd509143f2ce05fdab1550ff5592"
url = "https://github.com/mikefarah/yq/releases/download/v4.53.2/yq_windows_amd64.exe"

[[tools.zizmor]]
version = "1.25.2"
backend = "aqua:zizmorcore/zizmor"

[tools.zizmor."platforms.linux-arm64"]
checksum = "sha256:4b4b9491112c2a09b318101c0d3349b73af1c4f532e097dd6d0164f2abda760d"
url = "https://github.com/zizmorcore/zizmor/releases/download/v1.25.2/zizmor-aarch64-unknown-linux-gnu.tar.gz"
provenance = "github-attestations"

[tools.zizmor."platforms.linux-arm64-musl"]
provenance = "github-attestations"

[tools.zizmor."platforms.linux-x64"]
checksum = "sha256:aa1facd105f0d83fe5c55b1adcd9d7417de5d83aa27471f91dc0b66cf3803577"
url = "https://github.com/zizmorcore/zizmor/releases/download/v1.25.2/zizmor-x86_64-unknown-linux-gnu.tar.gz"
provenance = "github-attestations"

[tools.zizmor."platforms.linux-x64-musl"]
provenance = "github-attestations"

[tools.zizmor."platforms.macos-arm64"]
checksum = "sha256:624ef0e09521aecd862126be0f6d7754669af2646750d68ac48a114be33c3146"
url = "https://github.com/zizmorcore/zizmor/releases/download/v1.25.2/zizmor-aarch64-apple-darwin.tar.gz"
provenance = "github-attestations"

[tools.zizmor."platforms.macos-x64"]
checksum = "sha256:353271b9ec301dd4ba158af481323c831c6e9b494d5ac3f5aa58cf4b207699cc"
url = "https://github.com/zizmorcore/zizmor/releases/download/v1.25.2/zizmor-x86_64-apple-darwin.tar.gz"
provenance = "github-attestations"

[tools.zizmor."platforms.windows-x64"]
checksum = "sha256:65d46a8144f701200621b580f632076d80d082d60856de9f88793a95fb5882d7"
url = "https://github.com/zizmorcore/zizmor/releases/download/v1.25.2/zizmor-x86_64-pc-windows-msvc.zip"
provenance = "github-attestations"
